// !$*UTF8*$!
{
	archiveVersion = 1;
	classes = {
	};
	objectVersion = 46;
	objects = {

/* Begin PBXBuildFile section */
		23B6DFD31F423866004C11BA /* Story.swift in Sources */ = {isa = PBXBuildFile; fileRef = 23B6DFD21F423866004C11BA /* Story.swift */; };
		23B6DFD51F423F0B004C11BA /* Page.swift in Sources */ = {isa = PBXBuildFile; fileRef = 23B6DFD41F423F0B004C11BA /* Page.swift */; };
		23B6DFD71F424F71004C11BA /* PageController.swift in Sources */ = {isa = PBXBuildFile; fileRef = 23B6DFD61F424F71004C11BA /* PageController.swift */; };
		23B6DFE21F42C113004C11BA /* HappyEnding.wav in Resources */ = {isa = PBXBuildFile; fileRef = 23B6DFDF1F42C113004C11BA /* HappyEnding.wav */; };
		23B6DFE31F42C113004C11BA /* Ominous.wav in Resources */ = {isa = PBXBuildFile; fileRef = 23B6DFE01F42C113004C11BA /* Ominous.wav */; };
		23B6DFE41F42C113004C11BA /* PageTurn.wav in Resources */ = {isa = PBXBuildFile; fileRef = 23B6DFE11F42C113004C11BA /* PageTurn.wav */; };
		23B6DFE61F42C19D004C11BA /* Audio.swift in Sources */ = {isa = PBXBuildFile; fileRef = 23B6DFE51F42C19D004C11BA /* Audio.swift */; };
		23DAF37F1F3E666600798A07 /* AppDelegate.swift in Sources */ = {isa = PBXBuildFile; fileRef = 23DAF37E1F3E666600798A07 /* AppDelegate.swift */; };
		23DAF3811F3E666600798A07 /* ViewController.swift in Sources */ = {isa = PBXBuildFile; fileRef = 23DAF3801F3E666600798A07 /* ViewController.swift */; };
		23DAF3841F3E666600798A07 /* Main.storyboard in Resources */ = {isa = PBXBuildFile; fileRef = 23DAF3821F3E666600798A07 /* Main.storyboard */; };
		23DAF3861F3E666600798A07 /* Assets.xcassets in Resources */ = {isa = PBXBuildFile; fileRef = 23DAF3851F3E666600798A07 /* Assets.xcassets */; };
		23DAF3891F3E666600798A07 /* LaunchScreen.storyboard in Resources */ = {isa = PBXBuildFile; fileRef = 23DAF3871F3E666600798A07 /* LaunchScreen.storyboard */; };
/* End PBXBuildFile section */

/* Begin PBXFileReference section */
		23B6DFD21F423866004C11BA /* Story.swift */ = {isa = PBXFileReference; fileEncoding = 4; lastKnownFileType = sourcecode.swift; path = Story.swift; sourceTree = "<group>"; };
		23B6DFD41F423F0B004C11BA /* Page.swift */ = {isa = PBXFileReference; fileEncoding = 4; lastKnownFileType = sourcecode.swift; path = Page.swift; sourceTree = "<group>"; };
		23B6DFD61F424F71004C11BA /* PageController.swift */ = {isa = PBXFileReference; fileEncoding = 4; lastKnownFileType = sourcecode.swift; path = PageController.swift; sourceTree = "<group>"; };
		23B6DFDF1F42C113004C11BA /* HappyEnding.wav */ = {isa = PBXFileReference; lastKnownFileType = audio.wav; path = HappyEnding.wav; sourceTree = "<group>"; };
		23B6DFE01F42C113004C11BA /* Ominous.wav */ = {isa = PBXFileReference; lastKnownFileType = audio.wav; path = Ominous.wav; sourceTree = "<group>"; };
		23B6DFE11F42C113004C11BA /* PageTurn.wav */ = {isa = PBXFileReference; lastKnownFileType = audio.wav; path = PageTurn.wav; sourceTree = "<group>"; };
		23B6DFE51F42C19D004C11BA /* Audio.swift */ = {isa = PBXFileReference; fileEncoding = 4; lastKnownFileType = sourcecode.swift; name = Audio.swift; path = ../Audio.swift; sourceTree = "<group>"; };
		23DAF37B1F3E666600798A07 /* InteractiveStory.app */ = {isa = PBXFileReference; explicitFileType = wrapper.application; includeInIndex = 0; path = InteractiveStory.app; sourceTree = BUILT_PRODUCTS_DIR; };
		23DAF37E1F3E666600798A07 /* AppDelegate.swift */ = {isa = PBXFileReference; lastKnownFileType = sourcecode.swift; path = AppDelegate.swift; sourceTree = "<group>"; };
		23DAF3801F3E666600798A07 /* ViewController.swift */ = {isa = PBXFileReference; lastKnownFileType = sourcecode.swift; path = ViewController.swift; sourceTree = "<group>"; };
		23DAF3831F3E666600798A07 /* Base */ = {isa = PBXFileReference; lastKnownFileType = file.storyboard; name = Base; path = Base.lproj/Main.storyboard; sourceTree = "<group>"; };
		23DAF3851F3E666600798A07 /* Assets.xcassets */ = {isa = PBXFileReference; lastKnownFileType = folder.assetcatalog; path = Assets.xcassets; sourceTree = "<group>"; };
		23DAF3881F3E666600798A07 /* Base */ = {isa = PBXFileReference; lastKnownFileType = file.storyboard; name = Base; path = Base.lproj/LaunchScreen.storyboard; sourceTree = "<group>"; };
		23DAF38A1F3E666600798A07 /* Info.plist */ = {isa = PBXFileReference; lastKnownFileType = text.plist.xml; path = Info.plist; sourceTree = "<group>"; };
/* End PBXFileReference section */

/* Begin PBXFrameworksBuildPhase section */
		23DAF3781F3E666600798A07 /* Frameworks */ = {
			isa = PBXFrameworksBuildPhase;
			buildActionMask = 2147483647;
			files = (
			);
			runOnlyForDeploymentPostprocessing = 0;
		};
/* End PBXFrameworksBuildPhase section */

/* Begin PBXGroup section */
		23B6DFD81F42C06A004C11BA /* Resources */ = {
			isa = PBXGroup;
			children = (
				23B6DFDF1F42C113004C11BA /* HappyEnding.wav */,
				23B6DFE01F42C113004C11BA /* Ominous.wav */,
				23B6DFE11F42C113004C11BA /* PageTurn.wav */,
			);
			name = Resources;
			path = ..;
			sourceTree = "<group>";
		};
		23DAF3721F3E666600798A07 = {
			isa = PBXGroup;
			children = (
				23DAF37C1F3E666600798A07 /* Products */,
				23DAF37D1F3E666600798A07 /* InteractiveStory */,
			);
			sourceTree = "<group>";
		};
		23DAF37C1F3E666600798A07 /* Products */ = {
			isa = PBXGroup;
			children = (
				23DAF37B1F3E666600798A07 /* InteractiveStory.app */,
			);
			name = Products;
			sourceTree = "<group>";
		};
		23DAF37D1F3E666600798A07 /* InteractiveStory */ = {
			isa = PBXGroup;
			children = (
				23B6DFD81F42C06A004C11BA /* Resources */,
				23DAF37E1F3E666600798A07 /* AppDelegate.swift */,
				23DAF3801F3E666600798A07 /* ViewController.swift */,
				23B6DFD61F424F71004C11BA /* PageController.swift */,
				23B6DFE51F42C19D004C11BA /* Audio.swift */,
				23B6DFD21F423866004C11BA /* Story.swift */,
				23B6DFD41F423F0B004C11BA /* Page.swift */,
				23DAF3821F3E666600798A07 /* Main.storyboard */,
				23DAF3851F3E666600798A07 /* Assets.xcassets */,
				23DAF3871F3E666600798A07 /* LaunchScreen.storyboard */,
				23DAF38A1F3E666600798A07 /* Info.plist */,
			);
			path = InteractiveStory;
			sourceTree = "<group>";
		};
/* End PBXGroup section */

/* Begin PBXNativeTarget section */
		23DAF37A1F3E666600798A07 /* InteractiveStory */ = {
			isa = PBXNativeTarget;
			buildConfigurationList = 23DAF38D1F3E666600798A07 /* Build configuration list for PBXNativeTarget "InteractiveStory" */;
			buildPhases = (
				23DAF3771F3E666600798A07 /* Sources */,
				23DAF3781F3E666600798A07 /* Frameworks */,
				23DAF3791F3E666600798A07 /* Resources */,
			);
			buildRules = (
			);
			dependencies = (
			);
			name = InteractiveStory;
			productName = InteractiveStory;
			productReference = 23DAF37B1F3E666600798A07 /* InteractiveStory.app */;
			productType = "com.apple.product-type.application";
		};
/* End PBXNativeTarget section */

/* Begin PBXProject section */
		23DAF3731F3E666600798A07 /* Project object */ = {
			isa = PBXProject;
			attributes = {
				LastSwiftUpdateCheck = 0830;
				LastUpgradeCheck = 0830;
				ORGANIZATIONNAME = "Government Entertainment";
				TargetAttributes = {
					23DAF37A1F3E666600798A07 = {
						CreatedOnToolsVersion = 8.3.3;
						ProvisioningStyle = Automatic;
					};
				};
			};
			buildConfigurationList = 23DAF3761F3E666600798A07 /* Build configuration list for PBXProject "InteractiveStory" */;
			compatibilityVersion = "Xcode 3.2";
			developmentRegion = English;
			hasScannedForEncodings = 0;
			knownRegions = (
				en,
				Base,
			);
			mainGroup = 23DAF3721F3E666600798A07;
			productRefGroup = 23DAF37C1F3E666600798A07 /* Products */;
			projectDirPath = "";
			projectRoot = "";
			targets = (
				23DAF37A1F3E666600798A07 /* InteractiveStory */,
			);
		};
/* End PBXProject section */

/* Begin PBXResourcesBuildPhase section */
		23DAF3791F3E666600798A07 /* Resources */ = {
			isa = PBXResourcesBuildPhase;
			buildActionMask = 2147483647;
			files = (
				23B6DFE31F42C113004C11BA /* Ominous.wav in Resources */,
				23DAF3891F3E666600798A07 /* LaunchScreen.storyboard in Resources */,
				23DAF3861F3E666600798A07 /* Assets.xcassets in Resources */,
				23B6DFE21F42C113004C11BA /* HappyEnding.wav in Resources */,
				23B6DFE41F42C113004C11BA /* PageTurn.wav in Resources */,
				23DAF3841F3E666600798A07 /* Main.storyboard in Resources */,
			);
			runOnlyForDeploymentPostprocessing = 0;
		};
/* End PBXResourcesBuildPhase section */

/* Begin PBXSourcesBuildPhase section */
		23DAF3771F3E666600798A07 /* Sources */ = {
			isa = PBXSourcesBuildPhase;
			buildActionMask = 2147483647;
			files = (
				23B6DFE61F42C19D004C11BA /* Audio.swift in Sources */,
				23DAF3811F3E666600798A07 /* ViewController.swift in Sources */,
				23DAF37F1F3E666600798A07 /* AppDelegate.swift in Sources */,
				23B6DFD51F423F0B004C11BA /* Page.swift in Sources */,
				23B6DFD31F423866004C11BA /* Story.swift in Sources */,
				23B6DFD71F424F71004C11BA /* PageController.swift in Sources */,
			);
			runOnlyForDeploymentPostprocessing = 0;
		};
/* End PBXSourcesBuildPhase section */

/* Begin PBXVariantGroup section */
		23DAF3821F3E666600798A07 /* Main.storyboard */ = {
			isa = PBXVariantGroup;
			children = (
				23DAF3831F3E666600798A07 /* Base */,
			);
			name = Main.storyboard;
			sourceTree = "<group>";
		};
		23DAF3871F3E666600798A07 /* LaunchScreen.storyboard */ = {
			isa = PBXVariantGroup;
			children = (
				23DAF3881F3E666600798A07 /* Base */,
			);
			name = LaunchScreen.storyboard;
			sourceTree = "<group>";
		};
/* End PBXVariantGroup section */

/* Begin XCBuildConfiguration section */
		23DAF38B1F3E666600798A07 /* Debug */ = {
			isa = XCBuildConfiguration;
			buildSettings = {
				ALWAYS_SEARCH_USER_PATHS = NO;
				CLANG_ANALYZER_NONNULL = YES;
				CLANG_ANALYZER_NUMBER_OBJECT_CONVERSION = YES_AGGRESSIVE;
				CLANG_CXX_LANGUAGE_STANDARD = "gnu++0x";
				CLANG_CXX_LIBRARY = "libc++";
				CLANG_ENABLE_MODULES = YES;
				CLANG_ENABLE_OBJC_ARC = YES;
				CLANG_WARN_BOOL_CONVERSION = YES;
				CLANG_WARN_CONSTANT_CONVERSION = YES;
				CLANG_WARN_DIRECT_OBJC_ISA_USAGE = YES_ERROR;
				CLANG_WARN_DOCUMENTATION_COMMENTS = YES;
				CLANG_WARN_EMPTY_BODY = YES;
				CLANG_WARN_ENUM_CONVERSION = YES;
				CLANG_WARN_INFINITE_RECURSION = YES;
				CLANG_WARN_INT_CONVERSION = YES;
				CLANG_WARN_OBJC_ROOT_CLASS = YES_ERROR;
				CLANG_WARN_SUSPICIOUS_MOVE = YES;
				CLANG_WARN_UNREACHABLE_CODE = YES;
				CLANG_WARN__DUPLICATE_METHOD_MATCH = YES;
				"CODE_SIGN_IDENTITY[sdk=iphoneos*]" = "iPhone Developer";
				COPY_PHASE_STRIP = NO;
				DEBUG_INFORMATION_FORMAT = dwarf;
				ENABLE_STRICT_OBJC_MSGSEND = YES;
				ENABLE_TESTABILITY = YES;
				GCC_C_LANGUAGE_STANDARD = gnu99;
				GCC_DYNAMIC_NO_PIC = NO;
				GCC_NO_COMMON_BLOCKS = YES;
				GCC_OPTIMIZATION_LEVEL = 0;
				GCC_PREPROCESSOR_DEFINITIONS = (
					"DEBUG=1",
					"$(inherited)",
				);
				GCC_WARN_64_TO_32_BIT_CONVERSION = YES;
				GCC_WARN_ABOUT_RETURN_TYPE = YES_ERROR;
				GCC_WARN_UNDECLARED_SELECTOR = YES;
				GCC_WARN_UNINITIALIZED_AUTOS = YES_AGGRESSIVE;
				GCC_WARN_UNUSED_FUNCTION = YES;
				GCC_WARN_UNUSED_VARIABLE = YES;
				IPHONEOS_DEPLOYMENT_TARGET = 10.3;
				MTL_ENABLE_DEBUG_INFO = YES;
				ONLY_ACTIVE_ARCH = YES;
				SDKROOT = iphoneos;
				SWIFT_ACTIVE_COMPILATION_CONDITIONS = DEBUG;
				SWIFT_OPTIMIZATION_LEVEL = "-Onone";
			};
			name = Debug;
		};
		23DAF38C1F3E666600798A07 /* Release */ = {
			isa = XCBuildConfiguration;
			buildSettings = {
				ALWAYS_SEARCH_USER_PATHS = NO;
				CLANG_ANALYZER_NONNULL = YES;
				CLANG_ANALYZER_NUMBER_OBJECT_CONVERSION = YES_AGGRESSIVE;
				CLANG_CXX_LANGUAGE_STANDARD = "gnu++0x";
				CLANG_CXX_LIBRARY = "libc++";
				CLANG_ENABLE_MODULES = YES;
				CLANG_ENABLE_OBJC_ARC = YES;
				CLANG_WARN_BOOL_CONVERSION = YES;
				CLANG_WARN_CONSTANT_CONVERSION = YES;
				CLANG_WARN_DIRECT_OBJC_ISA_USAGE = YES_ERROR;
				CLANG_WARN_DOCUMENTATION_COMMENTS = YES;
				CLANG_WARN_EMPTY_BODY = YES;
				CLANG_WARN_ENUM_CONVERSION = YES;
				CLANG_WARN_INFINITE_RECURSION = YES;
				CLANG_WARN_INT_CONVERSION = YES;
				CLANG_WARN_OBJC_ROOT_CLASS = YES_ERROR;
				CLANG_WARN_SUSPICIOUS_MOVE = YES;
				CLANG_WARN_UNREACHABLE_CODE = YES;
				CLANG_WARN__DUPLICATE_METHOD_MATCH = YES;
				"CODE_SIGN_IDENTITY[sdk=iphoneos*]" = "iPhone Developer";
				COPY_PHASE_STRIP = NO;
				DEBUG_INFORMATION_FORMAT = "dwarf-with-dsym";
				ENABLE_NS_ASSERTIONS = NO;
				ENABLE_STRICT_OBJC_MSGSEND = YES;
				GCC_C_LANGUAGE_STANDARD = gnu99;
				GCC_NO_COMMON_BLOCKS = YES;
				GCC_WARN_64_TO_32_BIT_CONVERSION = YES;
				GCC_WARN_ABOUT_RETURN_TYPE = YES_ERROR;
				GCC_WARN_UNDECLARED_SELECTOR = YES;
				GCC_WARN_UNINITIALIZED_AUTOS = YES_AGGRESSIVE;
				GCC_WARN_UNUSED_FUNCTION = YES;
				GCC_WARN_UNUSED_VARIABLE = YES;
				IPHONEOS_DEPLOYMENT_TARGET = 10.3;
				MTL_ENABLE_DEBUG_INFO = NO;
				SDKROOT = iphoneos;
				SWIFT_OPTIMIZATION_LEVEL = "-Owholemodule";
				VALIDATE_PRODUCT = YES;
			};
			name = Release;
		};
		23DAF38E1F3E666600798A07 /* Debug */ = {
			isa = XCBuildConfiguration;
			buildSettings = {
				ASSETCATALOG_COMPILER_APPICON_NAME = AppIcon;
				INFOPLIST_FILE = InteractiveStory/Info.plist;
				LD_RUNPATH_SEARCH_PATHS = "$(inherited) @executable_path/Frameworks";
				PRODUCT_BUNDLE_IDENTIFIER = com.goven.InteractiveStory;
				PRODUCT_NAME = "$(TARGET_NAME)";
				SWIFT_VERSION = 3.0;
			};
			name = Debug;
		};
		23DAF38F1F3E666600798A07 /* Release */ = {
			isa = XCBuildConfiguration;
			buildSettings = {
				ASSETCATALOG_COMPILER_APPICON_NAME = AppIcon;
				INFOPLIST_FILE = InteractiveStory/Info.plist;
				LD_RUNPATH_SEARCH_PATHS = "$(inherited) @executable_path/Frameworks";
				PRODUCT_BUNDLE_IDENTIFIER = com.goven.InteractiveStory;
				PRODUCT_NAME = "$(TARGET_NAME)";
				SWIFT_VERSION = 3.0;
			};
			name = Release;
		};
/* End XCBuildConfiguration section */

/* Begin XCConfigurationList section */
		23DAF3761F3E666600798A07 /* Build configuration list for PBXProject "InteractiveStory" */ = {
			isa = XCConfigurationList;
			buildConfigurations = (
				23DAF38B1F3E666600798A07 /* Debug */,
				23DAF38C1F3E666600798A07 /* Release */,
			);
			defaultConfigurationIsVisible = 0;
			defaultConfigurationName = Release;
		};
		23DAF38D1F3E666600798A07 /* Build configuration list for PBXNativeTarget "InteractiveStory" */ = {
			isa = XCConfigurationList;
			buildConfigurations = (
				23DAF38E1F3E666600798A07 /* Debug */,
				23DAF38F1F3E666600798A07 /* Release */,
			);
			defaultConfigurationIsVisible = 0;
			defaultConfigurationName = Release;
		};
/* End XCConfigurationList section */
	};
	rootObject = 23DAF3731F3E666600798A07 /* Project object */;
}
